
Microsoft Visual Studio Solution File, Format Version 12.00
# Visual Studio 15
VisualStudioVersion = 15.0.27428.2037
MinimumVisualStudioVersion = 10.0.40219.1
Project("{F184B08F-C81C-45F6-A57F-5ABD9991F28F}") = "stack", "stack\stack.vbproj", "{776E7A32-3153-4B9B-B919-3EF7FB790638}"
EndProject
Global
	GlobalSection(SolutionConfigurationPlatforms) = preSolution
		Debug|Any CPU = Debug|Any CPU
		Release|Any CPU = Release|Any CPU
	EndGlobalSection
	GlobalSection(ProjectConfigurationPlatforms) = postSolution
		{776E7A32-3153-4B9B-B919-3EF7FB790638}.Debug|Any CPU.ActiveCfg = Debug|Any CPU
		{776E7A32-3153-4B9B-B919-3EF7FB790638}.Debug|Any CPU.Build.0 = Debug|Any CPU
		{776E7A32-3153-4B9B-B919-3EF7FB790638}.Release|Any CPU.ActiveCfg = Release|Any CPU
		{776E7A32-3153-4B9B-B919-3EF7FB790638}.Release|Any CPU.Build.0 = Release|Any CPU
	EndGlobalSection
	GlobalSection(SolutionProperties) = preSolution
		HideSolutionNode = FALSE
	EndGlobalSection
	GlobalSection(ExtensibilityGlobals) = postSolution
		SolutionGuid = {27321BB9-76F4-4744-8AEF-568475AF193D}
	EndGlobalSection
EndGlobal
